# ggen.lock — generated by `ggen sync`. Do not edit.

[packs.ultracode_actuation_lease]
source = "path:packs/ultracode-actuation-lease-pack"
content_hash = "blake3:3c08615e481cc0a484a47b4895d5ba791568585e832083a08ea858f222e4ecc7"

[packs.zcode_plugin]
source = "path:packs/zcode-plugin-pack"
content_hash = "blake3:43ab58f0e0015b2ff4af0c320e12d9e4197ef7811f57270b3345dcfb512945ff"
