# ggen.lock — generated by `ggen sync`. Do not edit.

[packs.ultracode_actuation_lease]
source = "path:packs/ultracode-actuation-lease-pack"
content_hash = "blake3:3c08615e481cc0a484a47b4895d5ba791568585e832083a08ea858f222e4ecc7"

[packs.zcode_plugin]
source = "path:packs/zcode-plugin-pack"
content_hash = "blake3:7baa26240c8b6a78cb431f0e479b221f1338e710dba6bdb6bbe4f45ff61db6d6"
