# ggen.lock — generated by `ggen sync`. Do not edit.

[packs.ultracode_actuation_lease]
source = "path:packs/ultracode-actuation-lease-pack"
content_hash = "blake3:01085142c6dbfbc23b79d70448d5203ad3842364c19d6a3457b1df008c1ba610"

[packs.zcode_plugin]
source = "path:packs/zcode-plugin-pack"
content_hash = "blake3:ee49a36734a6771ba45875fb1badbf2c544031a0308039caf54933b4e52277ad"
